REFERENCES: STRICT
REDIRECTS: ON
STORAGE: NONE
STRATEGY: MIN
RESTRICTION: == net10.0
NUGET
  remote: https://api.nuget.org/v3/index.json
    FSharp.Core (10.0.103)
    HtmlAgilityPack (1.12.4)
    Microsoft.AspNetCore.Authentication.Abstractions (2.3.9)
      Microsoft.AspNetCore.Http.Abstractions (>= 2.3)
      Microsoft.Extensions.Logging.Abstractions (>= 8.0.2)
      Microsoft.Extensions.Options (>= 8.0.2)
    Microsoft.AspNetCore.Hosting.Abstractions (2.0)
      Microsoft.AspNetCore.Hosting.Server.Abstractions (>= 2.0)
      Microsoft.AspNetCore.Http.Abstractions (>= 2.0)
      Microsoft.Extensions.Configuration.Abstractions (>= 2.0)
      Microsoft.Extensions.DependencyInjection.Abstractions (>= 2.0)
      Microsoft.Extensions.FileProviders.Abstractions (>= 2.0)
      Microsoft.Extensions.Hosting.Abstractions (>= 2.0)
      Microsoft.Extensions.Logging.Abstractions (>= 2.0)
    Microsoft.AspNetCore.Hosting.Server.Abstractions (2.0)
      Microsoft.AspNetCore.Http.Features (>= 2.0)
      Microsoft.Extensions.Configuration.Abstractions (>= 2.0)
    Microsoft.AspNetCore.Html.Abstractions (2.0)
      System.Text.Encodings.Web (>= 4.4)
    Microsoft.AspNetCore.Http.Abstractions (2.3)
      Microsoft.AspNetCore.Http.Features (>= 2.3)
      System.Text.Encodings.Web (>= 8.0)
    Microsoft.AspNetCore.Http.Features (2.3)
      Microsoft.Extensions.Primitives (>= 8.0)
    Microsoft.AspNetCore.Mvc.Abstractions (2.0)
      Microsoft.AspNetCore.Routing.Abstractions (>= 2.0)
      Microsoft.Net.Http.Headers (>= 2.0)
    Microsoft.AspNetCore.Routing.Abstractions (2.0)
      Microsoft.AspNetCore.Http.Abstractions (>= 2.0)
    Microsoft.Extensions.Configuration.Abstractions (2.0)
      Microsoft.Extensions.Primitives (>= 2.0)
    Microsoft.Extensions.DependencyInjection.Abstractions (8.0.2)
    Microsoft.Extensions.FileProviders.Abstractions (2.0)
      Microsoft.Extensions.Primitives (>= 2.0)
    Microsoft.Extensions.Hosting.Abstractions (2.0)
    Microsoft.Extensions.Logging.Abstractions (8.0.2)
      Microsoft.Extensions.DependencyInjection.Abstractions (>= 8.0.2)
    Microsoft.Extensions.Options (8.0.2)
      Microsoft.Extensions.DependencyInjection.Abstractions (>= 8.0)
      Microsoft.Extensions.Primitives (>= 8.0)
    Microsoft.Extensions.Primitives (8.0)
    Microsoft.Net.Http.Headers (2.0)
      Microsoft.Extensions.Primitives (>= 2.0)
      System.Buffers (>= 4.4)
    Microsoft.Win32.SystemEvents (6.0)
    System.Buffers (4.4)
    System.Configuration.ConfigurationManager (6.0.2)
      System.Security.Cryptography.ProtectedData (>= 6.0)
      System.Security.Permissions (>= 6.0.1)
    System.Drawing.Common (6.0)
      Microsoft.Win32.SystemEvents (>= 6.0)
    System.Reflection.Emit.Lightweight (4.7)
    System.Security.Cryptography.ProtectedData (6.0)
    System.Security.Permissions (6.0.1)
      System.Windows.Extensions (>= 6.0)
    System.Text.Encodings.Web (8.0)
    System.Text.Json (8.0.6)
    System.Windows.Extensions (6.0)
      System.Drawing.Common (>= 6.0)
  remote: https://nuget.pkg.github.com/dotnet-websharper/index.json
    WebSharper (10.1.0.658)
      FSharp.Core (>= 6.0)
      System.Reflection.Emit.Lightweight (>= 4.7)
    WebSharper.AspNetCore (10.1.0.658)
      Microsoft.AspNetCore.Authentication.Abstractions (>= 2.0)
      Microsoft.AspNetCore.Hosting.Abstractions (>= 2.0)
      Microsoft.AspNetCore.Html.Abstractions (>= 2.0)
      Microsoft.AspNetCore.Mvc.Abstractions (>= 2.0)
      System.Configuration.ConfigurationManager (>= 6.0.2)
      System.Text.Json (>= 8.0.6)
      WebSharper (10.1.0.658)
    WebSharper.CSharp (10.1.0.658)
      WebSharper (10.1.0.658)
    WebSharper.DateFNS (10.1.0.658)
      WebSharper (>= 10.1 < 10.2)
    WebSharper.Forms (10.1.0.658)
      WebSharper (>= 10.1 < 10.2)
      WebSharper.UI (>= 10.1 < 10.2)
    WebSharper.FSharp (10.1.0.658)
      WebSharper (10.1.0.658)
    WebSharper.MathJax (10.1.0.658)
      WebSharper (>= 10.1 < 10.2)
    WebSharper.MathJS (10.1.0.658)
      WebSharper (>= 10.1 < 10.2)
    WebSharper.Mvu (10.1.0.658)
      WebSharper (>= 10.1 < 10.2)
      WebSharper.UI (>= 10.1 < 10.2)
    WebSharper.Testing (10.1.0.658)
      WebSharper (10.1.0.658)
    WebSharper.UI (10.1.0.658)
      HtmlAgilityPack (>= 1.11)
      WebSharper (>= 10.1.0.658 < 10.1.1)
    WebSharper.UI.CSharp (10.1.0.658)
      WebSharper (>= 10.1.0.658 < 10.1.1)
      WebSharper.UI (10.1.0.658)
