
Microsoft Visual Studio Solution File, Format Version 12.00
# Visual Studio Version 17
VisualStudioVersion = 17.0.31903.59
MinimumVisualStudioVersion = 10.0.40219.1
Project("{F2A71F9B-5D33-465A-A702-920D77279786}") = "Bignumbers", "BigNumbers\Bignumbers.fsproj", "{B6D98CD8-2475-49C8-A671-CF8FD3E0F898}"
EndProject
Project("{F2A71F9B-5D33-465A-A702-920D77279786}") = "ComplexNumber", "ComplexNumber\ComplexNumber.fsproj", "{4447069B-0C5F-4120-AC6F-27D44741F45C}"
EndProject
Project("{F2A71F9B-5D33-465A-A702-920D77279786}") = "Expressions", "Expressions\Expressions.fsproj", "{14B3FA53-382A-44ED-B116-19118693D9FA}"
EndProject
Project("{F2A71F9B-5D33-465A-A702-920D77279786}") = "forms_example_1", "forms_example_1\forms_example_1.fsproj", "{DA1DD88B-8B8F-420D-92E5-20E3FA4CD369}"
EndProject
Project("{F2A71F9B-5D33-465A-A702-920D77279786}") = "Fraction", "Fraction\Fraction.fsproj", "{EAD29E61-CCB1-45FB-9F75-ADB0A94F4DEA}"
EndProject
Project("{F2A71F9B-5D33-465A-A702-920D77279786}") = "Matrices", "Matrices\Matrices.fsproj", "{971FEE0A-8621-4358-B8A7-8F7032D17FAF}"
EndProject
Project("{F2A71F9B-5D33-465A-A702-920D77279786}") = "TeX", "TeX\TeX.fsproj", "{D5F56173-42A3-4B4C-8456-4303F167DD14}"
EndProject
Project("{F2A71F9B-5D33-465A-A702-920D77279786}") = "Units", "Units\Units.fsproj", "{617D773C-0821-45A2-9FE7-724013AF41D1}"
EndProject
Project("{F2A71F9B-5D33-465A-A702-920D77279786}") = "Vectors", "Vectors\Vectors.fsproj", "{2BB1A124-C4F8-4760-B918-C30E7801228F}"
EndProject
Project("{F2A71F9B-5D33-465A-A702-920D77279786}") = "AsciiMath", "AsciiMath\AsciiMath.fsproj", "{45312AB9-8602-1507-0905-A9025641B4F2}"
EndProject
Project("{F2A71F9B-5D33-465A-A702-920D77279786}") = "MathML", "MathML\MathML.fsproj", "{F045FD34-C2C0-BD8E-008C-C95FA65FA421}"
EndProject
Project("{F2A71F9B-5D33-465A-A702-920D77279786}") = "Vars", "Vars\Vars.fsproj", "{1686C928-4847-4370-B295-8FBB14C7EE64}"
EndProject
Project("{F2A71F9B-5D33-465A-A702-920D77279786}") = "VShorthand", "VShorthand\VShorthand.fsproj", "{3DF873DB-A725-4C9D-B119-7C04291E68F3}"
EndProject
Project("{F2A71F9B-5D33-465A-A702-920D77279786}") = "Templating", "Templating\Templating.fsproj", "{AEC955B4-0C6E-4AA2-8AC4-23D15C706A63}"
EndProject
Project("{F2A71F9B-5D33-465A-A702-920D77279786}") = "Routing", "Routing\Routing.fsproj", "{8F8A4326-C790-4F22-B584-D551F73D174D}"
EndProject
Project("{F2A71F9B-5D33-465A-A702-920D77279786}") = "Counter", "Counter\Counter.fsproj", "{15B0B5E4-64F8-4B36-9E4F-D28F2A38EDA5}"
EndProject
Project("{F2A71F9B-5D33-465A-A702-920D77279786}") = "CounterList", "CounterList\CounterList.fsproj", "{4865CD53-D44F-4249-9CD6-A1FA863193B3}"
EndProject
Project("{F2A71F9B-5D33-465A-A702-920D77279786}") = "Paging", "Paging\Paging.fsproj", "{4A55FF80-5242-40FB-B110-E058671ACEE2}"
EndProject
Project("{F2A71F9B-5D33-465A-A702-920D77279786}") = "CategoriesTesting", "CategoriesTesting\CategoriesTesting.fsproj", "{13222B1A-ADF4-4FF1-A52D-B8F8A44DBBD3}"
EndProject
Project("{F2A71F9B-5D33-465A-A702-920D77279786}") = "SimpleWebWorker", "SimpleWebWorker\SimpleWebWorker.fsproj", "{D68CFAC8-5849-4909-99E4-64CF47C52403}"
EndProject
Project("{F2A71F9B-5D33-465A-A702-920D77279786}") = "AssertionsTesting", "AssertionsTesting\AssertionsTesting.fsproj", "{7198C7CA-7667-4D3F-B305-25B75B77ADBE}"
EndProject
Global
	GlobalSection(SolutionConfigurationPlatforms) = preSolution
		Debug|Any CPU = Debug|Any CPU
		Release|Any CPU = Release|Any CPU
	EndGlobalSection
	GlobalSection(ProjectConfigurationPlatforms) = postSolution
		{B6D98CD8-2475-49C8-A671-CF8FD3E0F898}.Debug|Any CPU.ActiveCfg = Debug|Any CPU
		{B6D98CD8-2475-49C8-A671-CF8FD3E0F898}.Debug|Any CPU.Build.0 = Debug|Any CPU
		{B6D98CD8-2475-49C8-A671-CF8FD3E0F898}.Release|Any CPU.ActiveCfg = Release|Any CPU
		{B6D98CD8-2475-49C8-A671-CF8FD3E0F898}.Release|Any CPU.Build.0 = Release|Any CPU
		{4447069B-0C5F-4120-AC6F-27D44741F45C}.Debug|Any CPU.ActiveCfg = Debug|Any CPU
		{4447069B-0C5F-4120-AC6F-27D44741F45C}.Debug|Any CPU.Build.0 = Debug|Any CPU
		{4447069B-0C5F-4120-AC6F-27D44741F45C}.Release|Any CPU.ActiveCfg = Release|Any CPU
		{4447069B-0C5F-4120-AC6F-27D44741F45C}.Release|Any CPU.Build.0 = Release|Any CPU
		{14B3FA53-382A-44ED-B116-19118693D9FA}.Debug|Any CPU.ActiveCfg = Debug|Any CPU
		{14B3FA53-382A-44ED-B116-19118693D9FA}.Debug|Any CPU.Build.0 = Debug|Any CPU
		{14B3FA53-382A-44ED-B116-19118693D9FA}.Release|Any CPU.ActiveCfg = Release|Any CPU
		{14B3FA53-382A-44ED-B116-19118693D9FA}.Release|Any CPU.Build.0 = Release|Any CPU
		{DA1DD88B-8B8F-420D-92E5-20E3FA4CD369}.Debug|Any CPU.ActiveCfg = Debug|Any CPU
		{DA1DD88B-8B8F-420D-92E5-20E3FA4CD369}.Debug|Any CPU.Build.0 = Debug|Any CPU
		{DA1DD88B-8B8F-420D-92E5-20E3FA4CD369}.Release|Any CPU.ActiveCfg = Release|Any CPU
		{DA1DD88B-8B8F-420D-92E5-20E3FA4CD369}.Release|Any CPU.Build.0 = Release|Any CPU
		{EAD29E61-CCB1-45FB-9F75-ADB0A94F4DEA}.Debug|Any CPU.ActiveCfg = Debug|Any CPU
		{EAD29E61-CCB1-45FB-9F75-ADB0A94F4DEA}.Debug|Any CPU.Build.0 = Debug|Any CPU
		{EAD29E61-CCB1-45FB-9F75-ADB0A94F4DEA}.Release|Any CPU.ActiveCfg = Release|Any CPU
		{EAD29E61-CCB1-45FB-9F75-ADB0A94F4DEA}.Release|Any CPU.Build.0 = Release|Any CPU
		{971FEE0A-8621-4358-B8A7-8F7032D17FAF}.Debug|Any CPU.ActiveCfg = Debug|Any CPU
		{971FEE0A-8621-4358-B8A7-8F7032D17FAF}.Debug|Any CPU.Build.0 = Debug|Any CPU
		{971FEE0A-8621-4358-B8A7-8F7032D17FAF}.Release|Any CPU.ActiveCfg = Release|Any CPU
		{971FEE0A-8621-4358-B8A7-8F7032D17FAF}.Release|Any CPU.Build.0 = Release|Any CPU
		{D5F56173-42A3-4B4C-8456-4303F167DD14}.Debug|Any CPU.ActiveCfg = Debug|Any CPU
		{D5F56173-42A3-4B4C-8456-4303F167DD14}.Debug|Any CPU.Build.0 = Debug|Any CPU
		{D5F56173-42A3-4B4C-8456-4303F167DD14}.Release|Any CPU.ActiveCfg = Release|Any CPU
		{D5F56173-42A3-4B4C-8456-4303F167DD14}.Release|Any CPU.Build.0 = Release|Any CPU
		{617D773C-0821-45A2-9FE7-724013AF41D1}.Debug|Any CPU.ActiveCfg = Debug|Any CPU
		{617D773C-0821-45A2-9FE7-724013AF41D1}.Debug|Any CPU.Build.0 = Debug|Any CPU
		{617D773C-0821-45A2-9FE7-724013AF41D1}.Release|Any CPU.ActiveCfg = Release|Any CPU
		{617D773C-0821-45A2-9FE7-724013AF41D1}.Release|Any CPU.Build.0 = Release|Any CPU
		{2BB1A124-C4F8-4760-B918-C30E7801228F}.Debug|Any CPU.ActiveCfg = Debug|Any CPU
		{2BB1A124-C4F8-4760-B918-C30E7801228F}.Debug|Any CPU.Build.0 = Debug|Any CPU
		{2BB1A124-C4F8-4760-B918-C30E7801228F}.Release|Any CPU.ActiveCfg = Release|Any CPU
		{2BB1A124-C4F8-4760-B918-C30E7801228F}.Release|Any CPU.Build.0 = Release|Any CPU
		{45312AB9-8602-1507-0905-A9025641B4F2}.Debug|Any CPU.ActiveCfg = Debug|Any CPU
		{45312AB9-8602-1507-0905-A9025641B4F2}.Debug|Any CPU.Build.0 = Debug|Any CPU
		{45312AB9-8602-1507-0905-A9025641B4F2}.Release|Any CPU.ActiveCfg = Release|Any CPU
		{45312AB9-8602-1507-0905-A9025641B4F2}.Release|Any CPU.Build.0 = Release|Any CPU
		{F045FD34-C2C0-BD8E-008C-C95FA65FA421}.Debug|Any CPU.ActiveCfg = Debug|Any CPU
		{F045FD34-C2C0-BD8E-008C-C95FA65FA421}.Debug|Any CPU.Build.0 = Debug|Any CPU
		{F045FD34-C2C0-BD8E-008C-C95FA65FA421}.Release|Any CPU.ActiveCfg = Release|Any CPU
		{F045FD34-C2C0-BD8E-008C-C95FA65FA421}.Release|Any CPU.Build.0 = Release|Any CPU
		{1686C928-4847-4370-B295-8FBB14C7EE64}.Debug|Any CPU.ActiveCfg = Debug|Any CPU
		{1686C928-4847-4370-B295-8FBB14C7EE64}.Debug|Any CPU.Build.0 = Debug|Any CPU
		{1686C928-4847-4370-B295-8FBB14C7EE64}.Release|Any CPU.ActiveCfg = Release|Any CPU
		{1686C928-4847-4370-B295-8FBB14C7EE64}.Release|Any CPU.Build.0 = Release|Any CPU
		{3DF873DB-A725-4C9D-B119-7C04291E68F3}.Debug|Any CPU.ActiveCfg = Debug|Any CPU
		{3DF873DB-A725-4C9D-B119-7C04291E68F3}.Debug|Any CPU.Build.0 = Debug|Any CPU
		{3DF873DB-A725-4C9D-B119-7C04291E68F3}.Release|Any CPU.ActiveCfg = Release|Any CPU
		{3DF873DB-A725-4C9D-B119-7C04291E68F3}.Release|Any CPU.Build.0 = Release|Any CPU
		{AEC955B4-0C6E-4AA2-8AC4-23D15C706A63}.Debug|Any CPU.ActiveCfg = Debug|Any CPU
		{AEC955B4-0C6E-4AA2-8AC4-23D15C706A63}.Debug|Any CPU.Build.0 = Debug|Any CPU
		{AEC955B4-0C6E-4AA2-8AC4-23D15C706A63}.Release|Any CPU.ActiveCfg = Release|Any CPU
		{AEC955B4-0C6E-4AA2-8AC4-23D15C706A63}.Release|Any CPU.Build.0 = Release|Any CPU
		{8F8A4326-C790-4F22-B584-D551F73D174D}.Debug|Any CPU.ActiveCfg = Debug|Any CPU
		{8F8A4326-C790-4F22-B584-D551F73D174D}.Debug|Any CPU.Build.0 = Debug|Any CPU
		{8F8A4326-C790-4F22-B584-D551F73D174D}.Release|Any CPU.ActiveCfg = Release|Any CPU
		{8F8A4326-C790-4F22-B584-D551F73D174D}.Release|Any CPU.Build.0 = Release|Any CPU
		{15B0B5E4-64F8-4B36-9E4F-D28F2A38EDA5}.Debug|Any CPU.ActiveCfg = Debug|Any CPU
		{15B0B5E4-64F8-4B36-9E4F-D28F2A38EDA5}.Debug|Any CPU.Build.0 = Debug|Any CPU
		{15B0B5E4-64F8-4B36-9E4F-D28F2A38EDA5}.Release|Any CPU.ActiveCfg = Release|Any CPU
		{15B0B5E4-64F8-4B36-9E4F-D28F2A38EDA5}.Release|Any CPU.Build.0 = Release|Any CPU
		{4865CD53-D44F-4249-9CD6-A1FA863193B3}.Debug|Any CPU.ActiveCfg = Debug|Any CPU
		{4865CD53-D44F-4249-9CD6-A1FA863193B3}.Debug|Any CPU.Build.0 = Debug|Any CPU
		{4865CD53-D44F-4249-9CD6-A1FA863193B3}.Release|Any CPU.ActiveCfg = Release|Any CPU
		{4865CD53-D44F-4249-9CD6-A1FA863193B3}.Release|Any CPU.Build.0 = Release|Any CPU
		{4A55FF80-5242-40FB-B110-E058671ACEE2}.Debug|Any CPU.ActiveCfg = Debug|Any CPU
		{4A55FF80-5242-40FB-B110-E058671ACEE2}.Debug|Any CPU.Build.0 = Debug|Any CPU
		{4A55FF80-5242-40FB-B110-E058671ACEE2}.Release|Any CPU.ActiveCfg = Release|Any CPU
		{4A55FF80-5242-40FB-B110-E058671ACEE2}.Release|Any CPU.Build.0 = Release|Any CPU
		{13222B1A-ADF4-4FF1-A52D-B8F8A44DBBD3}.Debug|Any CPU.ActiveCfg = Debug|Any CPU
		{13222B1A-ADF4-4FF1-A52D-B8F8A44DBBD3}.Debug|Any CPU.Build.0 = Debug|Any CPU
		{13222B1A-ADF4-4FF1-A52D-B8F8A44DBBD3}.Release|Any CPU.ActiveCfg = Release|Any CPU
		{13222B1A-ADF4-4FF1-A52D-B8F8A44DBBD3}.Release|Any CPU.Build.0 = Release|Any CPU
		{D68CFAC8-5849-4909-99E4-64CF47C52403}.Debug|Any CPU.ActiveCfg = Debug|Any CPU
		{D68CFAC8-5849-4909-99E4-64CF47C52403}.Debug|Any CPU.Build.0 = Debug|Any CPU
		{D68CFAC8-5849-4909-99E4-64CF47C52403}.Release|Any CPU.ActiveCfg = Release|Any CPU
		{D68CFAC8-5849-4909-99E4-64CF47C52403}.Release|Any CPU.Build.0 = Release|Any CPU
		{7198C7CA-7667-4D3F-B305-25B75B77ADBE}.Debug|Any CPU.ActiveCfg = Debug|Any CPU
		{7198C7CA-7667-4D3F-B305-25B75B77ADBE}.Debug|Any CPU.Build.0 = Debug|Any CPU
		{7198C7CA-7667-4D3F-B305-25B75B77ADBE}.Release|Any CPU.ActiveCfg = Release|Any CPU
		{7198C7CA-7667-4D3F-B305-25B75B77ADBE}.Release|Any CPU.Build.0 = Release|Any CPU
	EndGlobalSection
	GlobalSection(SolutionProperties) = preSolution
		HideSolutionNode = FALSE
	EndGlobalSection
	GlobalSection(ExtensibilityGlobals) = postSolution
		SolutionGuid = {048172CF-E997-490F-AEAA-2C9AA31F97F1}
	EndGlobalSection
EndGlobal
