
Microsoft Visual Studio Solution File, Format Version 12.00
# Visual Studio Version 17
VisualStudioVersion = 17.14.36109.1 d17.14
MinimumVisualStudioVersion = 10.0.40219.1
Project("{2150E333-8FDC-42A3-9474-1A3956D46DE8}") = ".paket", ".paket", "{80907610-1107-41B6-9D34-769DD2ADC1D4}"
	ProjectSection(SolutionItems) = preProject
		..\paket.dependencies = ..\paket.dependencies
	EndProjectSection
EndProject
Project("{F2A71F9B-5D33-465A-A702-920D77279786}") = "Matrices", "Matrices.fsproj", "{4A7B0CFA-5890-40BB-877E-622D82F1D6C1}"
EndProject
Global
	GlobalSection(SolutionConfigurationPlatforms) = preSolution
		Debug|Any CPU = Debug|Any CPU
		Release|Any CPU = Release|Any CPU
	EndGlobalSection
	GlobalSection(ProjectConfigurationPlatforms) = postSolution
		{4A7B0CFA-5890-40BB-877E-622D82F1D6C1}.Debug|Any CPU.ActiveCfg = Debug|Any CPU
		{4A7B0CFA-5890-40BB-877E-622D82F1D6C1}.Debug|Any CPU.Build.0 = Debug|Any CPU
		{4A7B0CFA-5890-40BB-877E-622D82F1D6C1}.Release|Any CPU.ActiveCfg = Release|Any CPU
		{4A7B0CFA-5890-40BB-877E-622D82F1D6C1}.Release|Any CPU.Build.0 = Release|Any CPU
	EndGlobalSection
	GlobalSection(SolutionProperties) = preSolution
		HideSolutionNode = FALSE
	EndGlobalSection
	GlobalSection(ExtensibilityGlobals) = postSolution
		SolutionGuid = {50F0F29D-7C23-460F-8272-4CADB5D9E5D0}
	EndGlobalSection
EndGlobal
