
Microsoft Visual Studio Solution File, Format Version 12.00
# Visual Studio Version 17
VisualStudioVersion = 17.14.36109.1 d17.14
MinimumVisualStudioVersion = 10.0.40219.1
Project("{2150E333-8FDC-42A3-9474-1A3956D46DE8}") = ".paket", ".paket", "{32A19A63-3869-4278-875B-AB84CBE83F58}"
	ProjectSection(SolutionItems) = preProject
		..\paket.dependencies = ..\paket.dependencies
	EndProjectSection
EndProject
Project("{F2A71F9B-5D33-465A-A702-920D77279786}") = "Fraction", "Fraction.fsproj", "{080DF018-0412-4DA0-967C-7A053FA28708}"
EndProject
Global
	GlobalSection(SolutionConfigurationPlatforms) = preSolution
		Debug|Any CPU = Debug|Any CPU
		Release|Any CPU = Release|Any CPU
	EndGlobalSection
	GlobalSection(ProjectConfigurationPlatforms) = postSolution
		{080DF018-0412-4DA0-967C-7A053FA28708}.Debug|Any CPU.ActiveCfg = Debug|Any CPU
		{080DF018-0412-4DA0-967C-7A053FA28708}.Debug|Any CPU.Build.0 = Debug|Any CPU
		{080DF018-0412-4DA0-967C-7A053FA28708}.Release|Any CPU.ActiveCfg = Release|Any CPU
		{080DF018-0412-4DA0-967C-7A053FA28708}.Release|Any CPU.Build.0 = Release|Any CPU
	EndGlobalSection
	GlobalSection(SolutionProperties) = preSolution
		HideSolutionNode = FALSE
	EndGlobalSection
	GlobalSection(ExtensibilityGlobals) = postSolution
		SolutionGuid = {18B71E51-E6C1-4221-8CC2-CBA2C97AE40B}
	EndGlobalSection
EndGlobal
