
Microsoft Visual Studio Solution File, Format Version 12.00
# Visual Studio Version 17
VisualStudioVersion = 17.14.36109.1 d17.14
MinimumVisualStudioVersion = 10.0.40219.1
Project("{F2A71F9B-5D33-465A-A702-920D77279786}") = "AsciiMath", "AsciiMath.fsproj", "{FA882CEC-48FE-4942-953E-317103490C93}"
EndProject
Global
	GlobalSection(SolutionConfigurationPlatforms) = preSolution
		Debug|Any CPU = Debug|Any CPU
		Release|Any CPU = Release|Any CPU
	EndGlobalSection
	GlobalSection(ProjectConfigurationPlatforms) = postSolution
		{FA882CEC-48FE-4942-953E-317103490C93}.Debug|Any CPU.ActiveCfg = Debug|Any CPU
		{FA882CEC-48FE-4942-953E-317103490C93}.Debug|Any CPU.Build.0 = Debug|Any CPU
		{FA882CEC-48FE-4942-953E-317103490C93}.Release|Any CPU.ActiveCfg = Release|Any CPU
		{FA882CEC-48FE-4942-953E-317103490C93}.Release|Any CPU.Build.0 = Release|Any CPU
	EndGlobalSection
	GlobalSection(SolutionProperties) = preSolution
		HideSolutionNode = FALSE
	EndGlobalSection
	GlobalSection(ExtensibilityGlobals) = postSolution
		SolutionGuid = {7D8DE53D-584B-4376-BE96-01E554AEA2FD}
	EndGlobalSection
EndGlobal
