
Microsoft Visual Studio Solution File, Format Version 12.00
# Visual Studio Version 17
VisualStudioVersion = 17.14.36109.1 d17.14
MinimumVisualStudioVersion = 10.0.40219.1
Project("{2150E333-8FDC-42A3-9474-1A3956D46DE8}") = ".paket", ".paket", "{061CBE6F-360A-48B4-AE4C-56E4AE423563}"
	ProjectSection(SolutionItems) = preProject
		..\paket.dependencies = ..\paket.dependencies
	EndProjectSection
EndProject
Project("{F2A71F9B-5D33-465A-A702-920D77279786}") = "TeX", "TeX.fsproj", "{DA6BB802-9128-4BA6-B59D-4F5FEC1DD8FD}"
EndProject
Global
	GlobalSection(SolutionConfigurationPlatforms) = preSolution
		Debug|Any CPU = Debug|Any CPU
		Release|Any CPU = Release|Any CPU
	EndGlobalSection
	GlobalSection(ProjectConfigurationPlatforms) = postSolution
		{DA6BB802-9128-4BA6-B59D-4F5FEC1DD8FD}.Debug|Any CPU.ActiveCfg = Debug|Any CPU
		{DA6BB802-9128-4BA6-B59D-4F5FEC1DD8FD}.Debug|Any CPU.Build.0 = Debug|Any CPU
		{DA6BB802-9128-4BA6-B59D-4F5FEC1DD8FD}.Release|Any CPU.ActiveCfg = Release|Any CPU
		{DA6BB802-9128-4BA6-B59D-4F5FEC1DD8FD}.Release|Any CPU.Build.0 = Release|Any CPU
	EndGlobalSection
	GlobalSection(SolutionProperties) = preSolution
		HideSolutionNode = FALSE
	EndGlobalSection
	GlobalSection(ExtensibilityGlobals) = postSolution
		SolutionGuid = {B18939F4-8E94-4C94-9430-B320ED3651DB}
	EndGlobalSection
EndGlobal
