
Microsoft Visual Studio Solution File, Format Version 12.00
# Visual Studio Version 17
VisualStudioVersion = 17.14.36109.1 d17.14
MinimumVisualStudioVersion = 10.0.40219.1
Project("{F2A71F9B-5D33-465A-A702-920D77279786}") = "Expressions", "Expressions.fsproj", "{DDAB469F-25DC-4D4E-992B-3D3C8288A730}"
EndProject
Global
	GlobalSection(SolutionConfigurationPlatforms) = preSolution
		Debug|Any CPU = Debug|Any CPU
		Release|Any CPU = Release|Any CPU
	EndGlobalSection
	GlobalSection(ProjectConfigurationPlatforms) = postSolution
		{DDAB469F-25DC-4D4E-992B-3D3C8288A730}.Debug|Any CPU.ActiveCfg = Debug|Any CPU
		{DDAB469F-25DC-4D4E-992B-3D3C8288A730}.Debug|Any CPU.Build.0 = Debug|Any CPU
		{DDAB469F-25DC-4D4E-992B-3D3C8288A730}.Release|Any CPU.ActiveCfg = Release|Any CPU
		{DDAB469F-25DC-4D4E-992B-3D3C8288A730}.Release|Any CPU.Build.0 = Release|Any CPU
	EndGlobalSection
	GlobalSection(SolutionProperties) = preSolution
		HideSolutionNode = FALSE
	EndGlobalSection
	GlobalSection(ExtensibilityGlobals) = postSolution
		SolutionGuid = {36AD20DD-C1DA-45A3-8239-C7CDCEF13150}
	EndGlobalSection
EndGlobal
