
Microsoft Visual Studio Solution File, Format Version 12.00
Project("{F2A71F9B-5D33-465A-A702-920D77279786}") = "FileInputExample", "FileInputExample\FileInputExample.fsproj", "{68131B30-83EF-4107-9A57-8CD92D6B034F}"
EndProject
Global
	GlobalSection(SolutionConfigurationPlatforms) = preSolution
		Debug|Any CPU = Debug|Any CPU
		Release|Any CPU = Release|Any CPU
	EndGlobalSection
	GlobalSection(ProjectConfigurationPlatforms) = postSolution
		{68131B30-83EF-4107-9A57-8CD92D6B034F}.Debug|Any CPU.ActiveCfg = Debug|Any CPU
		{68131B30-83EF-4107-9A57-8CD92D6B034F}.Debug|Any CPU.Build.0 = Debug|Any CPU
		{68131B30-83EF-4107-9A57-8CD92D6B034F}.Release|Any CPU.ActiveCfg = Release|Any CPU
		{68131B30-83EF-4107-9A57-8CD92D6B034F}.Release|Any CPU.Build.0 = Release|Any CPU
	EndGlobalSection
EndGlobal
