
Microsoft Visual Studio Solution File, Format Version 12.00
# Visual Studio Version 17
VisualStudioVersion = 17.14.36109.1 d17.14
MinimumVisualStudioVersion = 10.0.40219.1
Project("{F2A71F9B-5D33-465A-A702-920D77279786}") = "Vectors", "Vectors.fsproj", "{103578DD-7BA6-4DF1-AFA9-C6920FDCF3CC}"
EndProject
Global
	GlobalSection(SolutionConfigurationPlatforms) = preSolution
		Debug|Any CPU = Debug|Any CPU
		Release|Any CPU = Release|Any CPU
	EndGlobalSection
	GlobalSection(ProjectConfigurationPlatforms) = postSolution
		{103578DD-7BA6-4DF1-AFA9-C6920FDCF3CC}.Debug|Any CPU.ActiveCfg = Debug|Any CPU
		{103578DD-7BA6-4DF1-AFA9-C6920FDCF3CC}.Debug|Any CPU.Build.0 = Debug|Any CPU
		{103578DD-7BA6-4DF1-AFA9-C6920FDCF3CC}.Release|Any CPU.ActiveCfg = Release|Any CPU
		{103578DD-7BA6-4DF1-AFA9-C6920FDCF3CC}.Release|Any CPU.Build.0 = Release|Any CPU
	EndGlobalSection
	GlobalSection(SolutionProperties) = preSolution
		HideSolutionNode = FALSE
	EndGlobalSection
	GlobalSection(ExtensibilityGlobals) = postSolution
		SolutionGuid = {D445EF7F-E3E5-43AE-942F-264B0523C21D}
	EndGlobalSection
EndGlobal
