
Microsoft Visual Studio Solution File, Format Version 12.00
# Visual Studio Version 17
VisualStudioVersion = 17.14.36109.1 d17.14
MinimumVisualStudioVersion = 10.0.40219.1
Project("{F2A71F9B-5D33-465A-A702-920D77279786}") = "ComplexNumber", "ComplexNumber.fsproj", "{1DC5E868-181C-44F5-A4E3-D0BD264FA250}"
EndProject
Global
	GlobalSection(SolutionConfigurationPlatforms) = preSolution
		Debug|Any CPU = Debug|Any CPU
		Release|Any CPU = Release|Any CPU
	EndGlobalSection
	GlobalSection(ProjectConfigurationPlatforms) = postSolution
		{1DC5E868-181C-44F5-A4E3-D0BD264FA250}.Debug|Any CPU.ActiveCfg = Debug|Any CPU
		{1DC5E868-181C-44F5-A4E3-D0BD264FA250}.Debug|Any CPU.Build.0 = Debug|Any CPU
		{1DC5E868-181C-44F5-A4E3-D0BD264FA250}.Release|Any CPU.ActiveCfg = Release|Any CPU
		{1DC5E868-181C-44F5-A4E3-D0BD264FA250}.Release|Any CPU.Build.0 = Release|Any CPU
	EndGlobalSection
	GlobalSection(SolutionProperties) = preSolution
		HideSolutionNode = FALSE
	EndGlobalSection
	GlobalSection(ExtensibilityGlobals) = postSolution
		SolutionGuid = {C8D01715-B8C7-435E-9371-133A372E82B3}
	EndGlobalSection
EndGlobal
